
Microsoft Visual Studio Solution File, Format Version 12.00
# Visual Studio 15
Project("{FAE04EC0-301F-11D3-BF4B-00C04F79EFBC}") = "Assembly-CSharp", "Assembly-CSharp.csproj", "{0530F6B9-8EB4-2118-B4BB-62AFDEE2588E}"
EndProject
Project("{FAE04EC0-301F-11D3-BF4B-00C04F79EFBC}") = "Assembly-CSharp-Editor", "Assembly-CSharp-Editor.csproj", "{A8EE212D-7D0B-9A7E-BFB6-EBDBEFC940C5}"
EndProject
Global
	GlobalSection(SolutionConfigurationPlatforms) = preSolution
		Debug|Any CPU = Debug|Any CPU
		Release|Any CPU = Release|Any CPU
	EndGlobalSection
	GlobalSection(ProjectConfigurationPlatforms) = postSolution
		{0530F6B9-8EB4-2118-B4BB-62AFDEE2588E}.Debug|Any CPU.ActiveCfg = Debug|Any CPU
		{0530F6B9-8EB4-2118-B4BB-62AFDEE2588E}.Debug|Any CPU.Build.0 = Debug|Any CPU
		{0530F6B9-8EB4-2118-B4BB-62AFDEE2588E}.Release|Any CPU.ActiveCfg = Release|Any CPU
		{0530F6B9-8EB4-2118-B4BB-62AFDEE2588E}.Release|Any CPU.Build.0 = Release|Any CPU
		{A8EE212D-7D0B-9A7E-BFB6-EBDBEFC940C5}.Debug|Any CPU.ActiveCfg = Debug|Any CPU
		{A8EE212D-7D0B-9A7E-BFB6-EBDBEFC940C5}.Debug|Any CPU.Build.0 = Debug|Any CPU
		{A8EE212D-7D0B-9A7E-BFB6-EBDBEFC940C5}.Release|Any CPU.ActiveCfg = Release|Any CPU
		{A8EE212D-7D0B-9A7E-BFB6-EBDBEFC940C5}.Release|Any CPU.Build.0 = Release|Any CPU
	EndGlobalSection
	GlobalSection(SolutionProperties) = preSolution
		HideSolutionNode = FALSE
	EndGlobalSection
EndGlobal
